
Microsoft Visual Studio Solution File, Format Version 12.00
# Visual Studio Version 16
VisualStudioVersion = 16.0.31911.196
MinimumVisualStudioVersion = 10.0.40219.1
Project("{FAE04EC0-301F-11D3-BF4B-00C04F79EFBC}") = "Task2", "Task2\Task2.csproj", "{78BCEECA-7F2A-4458-9765-381E9E689E2A}"
EndProject
Global
	GlobalSection(SolutionConfigurationPlatforms) = preSolution
		Debug|Any CPU = Debug|Any CPU
		Release|Any CPU = Release|Any CPU
	EndGlobalSection
	GlobalSection(ProjectConfigurationPlatforms) = postSolution
		{78BCEECA-7F2A-4458-9765-381E9E689E2A}.Debug|Any CPU.ActiveCfg = Debug|Any CPU
		{78BCEECA-7F2A-4458-9765-381E9E689E2A}.Debug|Any CPU.Build.0 = Debug|Any CPU
		{78BCEECA-7F2A-4458-9765-381E9E689E2A}.Release|Any CPU.ActiveCfg = Release|Any CPU
		{78BCEECA-7F2A-4458-9765-381E9E689E2A}.Release|Any CPU.Build.0 = Release|Any CPU
	EndGlobalSection
	GlobalSection(SolutionProperties) = preSolution
		HideSolutionNode = FALSE
	EndGlobalSection
	GlobalSection(ExtensibilityGlobals) = postSolution
		SolutionGuid = {80EAC4C8-A39F-403D-993B-718D588386DF}
	EndGlobalSection
EndGlobal
